
Microsoft Visual Studio Solution File, Format Version 12.00
# Visual Studio Version 16
VisualStudioVersion = 16.0.29709.97
MinimumVisualStudioVersion = 10.0.40219.1
Project("{FAE04EC0-301F-11D3-BF4B-00C04F79EFBC}") = "BatchPrimeNumbers", "BatchPrimeNumbers\BatchPrimeNumbers.csproj", "{B2797C4B-7A27-43E0-A0B3-38645F313767}"
EndProject
Global
	GlobalSection(SolutionConfigurationPlatforms) = preSolution
		Debug|Any CPU = Debug|Any CPU
		Release|Any CPU = Release|Any CPU
	EndGlobalSection
	GlobalSection(ProjectConfigurationPlatforms) = postSolution
		{B2797C4B-7A27-43E0-A0B3-38645F313767}.Debug|Any CPU.ActiveCfg = Debug|Any CPU
		{B2797C4B-7A27-43E0-A0B3-38645F313767}.Debug|Any CPU.Build.0 = Debug|Any CPU
		{B2797C4B-7A27-43E0-A0B3-38645F313767}.Release|Any CPU.ActiveCfg = Release|Any CPU
		{B2797C4B-7A27-43E0-A0B3-38645F313767}.Release|Any CPU.Build.0 = Release|Any CPU
	EndGlobalSection
	GlobalSection(SolutionProperties) = preSolution
		HideSolutionNode = FALSE
	EndGlobalSection
	GlobalSection(ExtensibilityGlobals) = postSolution
		SolutionGuid = {7E8492E5-6E55-4FCC-9BD2-7001FD1F6EBE}
	EndGlobalSection
EndGlobal
